<?xml version="1.0" encoding="utf-8"?>
<Project ToolsVersion="4.0" xmlns="http://schemas.microsoft.com/developer/msbuild/2003">
  <ItemGroup>
    <Filter Include="ソース ファイル">
      <UniqueIdentifier>{4FC737F1-C7A5-4376-A066-2A32D752A2FF}</UniqueIdentifier>
      <Extensions>cpp;c;cc;cxx;def;odl;idl;hpj;bat;asm;asmx</Extensions>
    </Filter>
    <Filter Include="ヘッダー ファイル">
      <UniqueIdentifier>{93995380-89BD-4b04-88EB-625FBE52EBFB}</UniqueIdentifier>
      <Extensions>h;hh;hpp;hxx;hm;inl;inc;ipp;xsd</Extensions>
    </Filter>
    <Filter Include="リソース ファイル">
      <UniqueIdentifier>{67DA6AB6-F800-4c08-8B7A-83BB121AAD01}</UniqueIdentifier>
      <Extensions>rc;ico;cur;bmp;dlg;rc2;rct;bin;rgs;gif;jpg;jpeg;jpe;resx;tiff;tif;png;wav;mfcribbon-ms</Extensions>
    </Filter>
    <Filter Include="ソース ファイル\Utility">
      <UniqueIdentifier>{84660086-8a13-45a3-932c-1e9b6a971bbe}</UniqueIdentifier>
    </Filter>
    <Filter Include="ソース ファイル\Functional">
      <UniqueIdentifier>{b9c6c1f8-17a4-438d-9c20-b7e2bfa1cf85}</UniqueIdentifier>
    </Filter>
    <Filter Include="ソース ファイル\Tuple">
      <UniqueIdentifier>{a6b98001-4a03-41f6-904a-8ff4014ae7f1}</UniqueIdentifier>
    </Filter>
    <Filter Include="ソース ファイル\SmartPtr">
      <UniqueIdentifier>{ade19bd4-e444-495a-bbcc-c464258c0822}</UniqueIdentifier>
    </Filter>
    <Filter Include="ソース ファイル\Type">
      <UniqueIdentifier>{0ef272af-e6b2-45c1-b311-fcc3266c7888}</UniqueIdentifier>
    </Filter>
    <Filter Include="ソース ファイル\Container">
      <UniqueIdentifier>{8492457f-9626-4727-9587-a480992caeeb}</UniqueIdentifier>
    </Filter>
    <Filter Include="ソース ファイル\Iterator">
      <UniqueIdentifier>{9474a274-38ed-496a-b6b6-888b824019f3}</UniqueIdentifier>
    </Filter>
    <Filter Include="ソース ファイル\Algorithm">
      <UniqueIdentifier>{e22785b9-222b-48c0-9894-a2f9d4d4470d}</UniqueIdentifier>
    </Filter>
  </ItemGroup>
  <ItemGroup>
    <ClCompile Include="CppSTL.cpp">
      <Filter>ソース ファイル</Filter>
    </ClCompile>
    <ClCompile Include="Utility.cpp">
      <Filter>ソース ファイル\Utility</Filter>
    </ClCompile>
    <ClCompile Include="Function.cpp">
      <Filter>ソース ファイル\Functional</Filter>
    </ClCompile>
    <ClCompile Include="Tuple.cpp">
      <Filter>ソース ファイル\Tuple</Filter>
    </ClCompile>
    <ClCompile Include="SmartPtr.cpp">
      <Filter>ソース ファイル\SmartPtr</Filter>
    </ClCompile>
    <ClCompile Include="Type.cpp">
      <Filter>ソース ファイル\Type</Filter>
    </ClCompile>
    <ClCompile Include="Container.cpp">
      <Filter>ソース ファイル\Container</Filter>
    </ClCompile>
    <ClCompile Include="Vector.cpp">
      <Filter>ソース ファイル\Container</Filter>
    </ClCompile>
    <ClCompile Include="Deque.cpp">
      <Filter>ソース ファイル\Container</Filter>
    </ClCompile>
    <ClCompile Include="List.cpp">
      <Filter>ソース ファイル\Container</Filter>
    </ClCompile>
    <ClCompile Include="AssociativeContainer.cpp">
      <Filter>ソース ファイル\Container</Filter>
    </ClCompile>
    <ClCompile Include="Stack.cpp">
      <Filter>ソース ファイル\Container</Filter>
    </ClCompile>
    <ClCompile Include="Queue.cpp">
      <Filter>ソース ファイル\Container</Filter>
    </ClCompile>
    <ClCompile Include="Iterator.cpp">
      <Filter>ソース ファイル\Iterator</Filter>
    </ClCompile>
    <ClCompile Include="FunctionObject.cpp">
      <Filter>ソース ファイル\Functional</Filter>
    </ClCompile>
    <ClCompile Include="ForEach.cpp">
      <Filter>ソース ファイル\Algorithm</Filter>
    </ClCompile>
    <ClCompile Include="NonModify.cpp">
      <Filter>ソース ファイル\Algorithm</Filter>
    </ClCompile>
    <ClCompile Include="Modify.cpp">
      <Filter>ソース ファイル\Algorithm</Filter>
    </ClCompile>
    <ClCompile Include="Partition.cpp">
      <Filter>ソース ファイル\Algorithm</Filter>
    </ClCompile>
    <ClCompile Include="Sort.cpp">
      <Filter>ソース ファイル\Algorithm</Filter>
    </ClCompile>
    <ClCompile Include="BinarySearch.cpp">
      <Filter>ソース ファイル\Algorithm</Filter>
    </ClCompile>
    <ClCompile Include="Merge.cpp">
      <Filter>ソース ファイル\Algorithm</Filter>
    </ClCompile>
    <ClCompile Include="Heap.cpp">
      <Filter>ソース ファイル\Algorithm</Filter>
    </ClCompile>
  </ItemGroup>
</Project>